
Microsoft Visual Studio Solution File, Format Version 12.00
# Visual Studio Version 17
VisualStudioVersion = 17.13.35818.85 d17.13
MinimumVisualStudioVersion = 10.0.40219.1
Project("{FAE04EC0-301F-11D3-BF4B-00C04F79EFBC}") = "HotelApp_net8", "HotelApp_net8\HotelApp_net8.csproj", "{8E1E3DF6-1DEB-4B09-BAE8-5C44F5C91353}"
EndProject
Global
	GlobalSection(SolutionConfigurationPlatforms) = preSolution
		Debug|Any CPU = Debug|Any CPU
		Release|Any CPU = Release|Any CPU
	EndGlobalSection
	GlobalSection(ProjectConfigurationPlatforms) = postSolution
		{8E1E3DF6-1DEB-4B09-BAE8-5C44F5C91353}.Debug|Any CPU.ActiveCfg = Debug|Any CPU
		{8E1E3DF6-1DEB-4B09-BAE8-5C44F5C91353}.Debug|Any CPU.Build.0 = Debug|Any CPU
		{8E1E3DF6-1DEB-4B09-BAE8-5C44F5C91353}.Release|Any CPU.ActiveCfg = Release|Any CPU
		{8E1E3DF6-1DEB-4B09-BAE8-5C44F5C91353}.Release|Any CPU.Build.0 = Release|Any CPU
	EndGlobalSection
	GlobalSection(SolutionProperties) = preSolution
		HideSolutionNode = FALSE
	EndGlobalSection
	GlobalSection(ExtensibilityGlobals) = postSolution
		SolutionGuid = {476C8DC8-1089-4513-B49A-02B804A5FED6}
	EndGlobalSection
EndGlobal
